
Microsoft Visual Studio Solution File, Format Version 12.00
# Visual Studio 15
VisualStudioVersion = 15.0.27130.2010
MinimumVisualStudioVersion = 10.0.40219.1
Project("{9A19103F-16F7-4668-BE54-9A1E7A4F7556}") = "FastData.Core", "FastData.Core\FastData.Core.csproj", "{40A5400B-4630-44EE-9797-BF918A609E3E}"
EndProject
Project("{9A19103F-16F7-4668-BE54-9A1E7A4F7556}") = "FastUntility.Core", "FastUntility.Core\FastUntility.Core.csproj", "{E906B7A5-C014-4179-8C5A-C97363175291}"
EndProject
Global
	GlobalSection(SolutionConfigurationPlatforms) = preSolution
		Debug|Any CPU = Debug|Any CPU
		Release|Any CPU = Release|Any CPU
	EndGlobalSection
	GlobalSection(ProjectConfigurationPlatforms) = postSolution
		{40A5400B-4630-44EE-9797-BF918A609E3E}.Debug|Any CPU.ActiveCfg = Debug|Any CPU
		{40A5400B-4630-44EE-9797-BF918A609E3E}.Debug|Any CPU.Build.0 = Debug|Any CPU
		{40A5400B-4630-44EE-9797-BF918A609E3E}.Release|Any CPU.ActiveCfg = Release|Any CPU
		{40A5400B-4630-44EE-9797-BF918A609E3E}.Release|Any CPU.Build.0 = Release|Any CPU
		{E906B7A5-C014-4179-8C5A-C97363175291}.Debug|Any CPU.ActiveCfg = Debug|Any CPU
		{E906B7A5-C014-4179-8C5A-C97363175291}.Debug|Any CPU.Build.0 = Debug|Any CPU
		{E906B7A5-C014-4179-8C5A-C97363175291}.Release|Any CPU.ActiveCfg = Release|Any CPU
		{E906B7A5-C014-4179-8C5A-C97363175291}.Release|Any CPU.Build.0 = Release|Any CPU
	EndGlobalSection
	GlobalSection(SolutionProperties) = preSolution
		HideSolutionNode = FALSE
	EndGlobalSection
	GlobalSection(ExtensibilityGlobals) = postSolution
		SolutionGuid = {D0AE3D09-E739-4E8A-BA84-8754FCB0D014}
	EndGlobalSection
EndGlobal
